hash: da94d2142a8294c5fac10154aa082c38f0b430aa6f6a260a1829a345f6165b91
updated: 2017-07-28T07:42:50.262353727+02:00
imports:
- name: github.com/asaskevich/EventBus
  version: 9223ecd796146991d8ffc3b822d5aa02f15aee97
- name: github.com/dgrijalva/jwt-go
  version: a539ee1a749a2b895533f979515ac7e6e0f5b650
- name: github.com/jolestar/go-commons-pool
  version: ea1b8e7dc17a4153f3b780ab6c0e6249ce4b6118
  subpackages:
  - collections
  - concurrent
- name: github.com/labstack/echo
  version: f8c3008787c31a3542b2f8143a1480bc978c28ea
  subpackages:
  - middleware
- name: github.com/labstack/gommon
  version: 779b8a8b9850a97acba6a3fe20feb628c39e17c1
  subpackages:
  - bytes
  - color
  - log
  - random
- name: github.com/mattn/go-colorable
  version: 3fa8c76f9daed4067e4a806fb7e4dc86455c6d6a
- name: github.com/mattn/go-isatty
  version: fc9e8d8ef48496124e79ae0df75490096eccf6fe
- name: github.com/spf13/viper
  version: c1de95864d73a5465492829d7cb2dd422b19ac96
- name: github.com/valyala/bytebufferpool
  version: e746df99fe4a3986f4d4f79e13c1e0117ce9c2f7
- name: github.com/valyala/fasttemplate
  version: dcecefd839c4193db0d35b88ec65b4c12d360ab0
- name: golang.org/x/crypto
  version: 2faea1465de239e4babd8f5905cc25b781712442
  subpackages:
  - acme
  - acme/autocert
- name: golang.org/x/sys
  version: 94b76065f2d2081d0fef24a6e67c571f51a6408a
  subpackages:
  - unix
- name: labix.org/v2/mgo
  version: "287"
  subpackages:
  - bson
  - sasl
testImports: []
